
Microsoft Visual Studio Solution File, Format Version 12.00
# Visual Studio Version 16
VisualStudioVersion = 16.0.28803.452
MinimumVisualStudioVersion = 10.0.40219.1
Project("{FAE04EC0-301F-11D3-BF4B-00C04F79EFBC}") = "AngularApp", "AngularApp\AngularApp.csproj", "{FD03D104-173E-4432-8B39-6883DB52F6E6}"
EndProject
Global
	GlobalSection(SolutionConfigurationPlatforms) = preSolution
		Debug|Any CPU = Debug|Any CPU
		Release|Any CPU = Release|Any CPU
	EndGlobalSection
	GlobalSection(ProjectConfigurationPlatforms) = postSolution
		{FD03D104-173E-4432-8B39-6883DB52F6E6}.Debug|Any CPU.ActiveCfg = Debug|Any CPU
		{FD03D104-173E-4432-8B39-6883DB52F6E6}.Debug|Any CPU.Build.0 = Debug|Any CPU
		{FD03D104-173E-4432-8B39-6883DB52F6E6}.Release|Any CPU.ActiveCfg = Release|Any CPU
		{FD03D104-173E-4432-8B39-6883DB52F6E6}.Release|Any CPU.Build.0 = Release|Any CPU
	EndGlobalSection
	GlobalSection(SolutionProperties) = preSolution
		HideSolutionNode = FALSE
	EndGlobalSection
	GlobalSection(ExtensibilityGlobals) = postSolution
		SolutionGuid = {3B4A34A6-28B0-465E-B9C0-8A6A1EBD707D}
	EndGlobalSection
EndGlobal
